// !$*UTF8*$!
{
	archiveVersion = 1;
	classes = {
	};
	objectVersion = 46;
	objects = {

/* Begin PBXBuildFile section */
		00140EE91EB49BE300992C1B /* SmallDifferenceTests.swift in Sources */ = {isa = PBXBuildFile; fileRef = 00140EE81EB49BE300992C1B /* SmallDifferenceTests.swift */; };
		00140EEB1EB5D8C800992C1B /* MatrixRotation.swift in Sources */ = {isa = PBXBuildFile; fileRef = 00140EEA1EB5D8C800992C1B /* MatrixRotation.swift */; };
		00140EF11EB5E18A00992C1B /* MatrixRotationTests.swift in Sources */ = {isa = PBXBuildFile; fileRef = 00140EF01EB5E18A00992C1B /* MatrixRotationTests.swift */; };
		00140EF31EB617FD00992C1B /* StringRotation.swift in Sources */ = {isa = PBXBuildFile; fileRef = 00140EF21EB617FD00992C1B /* StringRotation.swift */; };
		00140EF51EB61D3D00992C1B /* StringRotationTests.swift in Sources */ = {isa = PBXBuildFile; fileRef = 00140EF41EB61D3D00992C1B /* StringRotationTests.swift */; };
		0017C9CC1EACF84C00E5E749 /* AreCharactersUniqueTests.swift in Sources */ = {isa = PBXBuildFile; fileRef = 0017C9CB1EACF84C00E5E749 /* AreCharactersUniqueTests.swift */; };
		0017C9CE1EAF04F500E5E749 /* ReplaceSpaces.swift in Sources */ = {isa = PBXBuildFile; fileRef = 0017C9CD1EAF04F500E5E749 /* ReplaceSpaces.swift */; };
		0017C9D01EAF08E900E5E749 /* ReplaceSpacesTests.swift in Sources */ = {isa = PBXBuildFile; fileRef = 0017C9CF1EAF08E900E5E749 /* ReplaceSpacesTests.swift */; };
		0017C9D21EB065C300E5E749 /* IsPermutationOfPalindrome.swift in Sources */ = {isa = PBXBuildFile; fileRef = 0017C9D11EB065C300E5E749 /* IsPermutationOfPalindrome.swift */; };
		0017C9D41EB068AB00E5E749 /* IsPermutationOfPalindromeTests.swift in Sources */ = {isa = PBXBuildFile; fileRef = 0017C9D31EB068AB00E5E749 /* IsPermutationOfPalindromeTests.swift */; };
		0017C9D61EB31B9C00E5E749 /* SmallDifference.swift in Sources */ = {isa = PBXBuildFile; fileRef = 0017C9D51EB31B9C00E5E749 /* SmallDifference.swift */; };
		007870511EEDAC90002514CB /* IsLinkedListPalindrome.swift in Sources */ = {isa = PBXBuildFile; fileRef = 00140EFC1EB8A53E00992C1B /* IsLinkedListPalindrome.swift */; };
		007870871EEF4CCF002514CB /* measurement.c in Sources */ = {isa = PBXBuildFile; fileRef = 0078707C1EEF4CB8002514CB /* measurement.c */; };
		007870881EEF4CCF002514CB /* exchange_sort.c in Sources */ = {isa = PBXBuildFile; fileRef = 0078707F1EEF4CB8002514CB /* exchange_sort.c */; };
		007870891EEF4CCF002514CB /* insertion_sort.c in Sources */ = {isa = PBXBuildFile; fileRef = 007870811EEF4CB8002514CB /* insertion_sort.c */; };
		0078708A1EEF4CCF002514CB /* main.c in Sources */ = {isa = PBXBuildFile; fileRef = 007870831EEF4CB8002514CB /* main.c */; };
		0078708B1EEF4CCF002514CB /* utils.c in Sources */ = {isa = PBXBuildFile; fileRef = 007870851EEF4CB8002514CB /* utils.c */; };
		00AC08571E9EA8BA007B0414 /* FindNumberThatHaveGivenSumOrDiff.swift in Sources */ = {isa = PBXBuildFile; fileRef = 00AC08561E9EA8BA007B0414 /* FindNumberThatHaveGivenSumOrDiff.swift */; };
		00AC085A1E9EB191007B0414 /* FindNumberThatHaveGivenSumTests.swift in Sources */ = {isa = PBXBuildFile; fileRef = 00AC08591E9EB191007B0414 /* FindNumberThatHaveGivenSumTests.swift */; };
		00AC085C1E9F5EAD007B0414 /* Base_DNumberFromDigits.swift in Sources */ = {isa = PBXBuildFile; fileRef = 00AC085B1E9F5EAD007B0414 /* Base_DNumberFromDigits.swift */; };
		00AC085E1E9F5F9C007B0414 /* Base_DNumberFromDigitsTests.swift in Sources */ = {isa = PBXBuildFile; fileRef = 00AC085D1E9F5F9C007B0414 /* Base_DNumberFromDigitsTests.swift */; };
		00AC08601EA0CC3A007B0414 /* RabinKarpAlgorithm.swift in Sources */ = {isa = PBXBuildFile; fileRef = 00AC085F1EA0CC3A007B0414 /* RabinKarpAlgorithm.swift */; };
		00AC08621EA135C0007B0414 /* RabinKarpAlgorithmTests.swift in Sources */ = {isa = PBXBuildFile; fileRef = 00AC08611EA135C0007B0414 /* RabinKarpAlgorithmTests.swift */; };
		00AECD8C1E9CB745007E8458 /* FindAllPermutations.swift in Sources */ = {isa = PBXBuildFile; fileRef = 00AECD8B1E9CB745007E8458 /* FindAllPermutations.swift */; };
		00AECD901E9E7D7D007E8458 /* FindAllPermutationTests.swift in Sources */ = {isa = PBXBuildFile; fileRef = 00AECD8F1E9E7D7D007E8458 /* FindAllPermutationTests.swift */; };
		00BBA4DE1EA638F600E26C3A /* String+Extensions.swift in Sources */ = {isa = PBXBuildFile; fileRef = 00BBA4DD1EA638F600E26C3A /* String+Extensions.swift */; };
		00BBA4E01EA639DA00E26C3A /* Int+Extensions.swift in Sources */ = {isa = PBXBuildFile; fileRef = 00BBA4DF1EA639DA00E26C3A /* Int+Extensions.swift */; };
		00BBA4E11EA63A1200E26C3A /* BoyerMooreAlgorithm.swift in Sources */ = {isa = PBXBuildFile; fileRef = 00BBA4DB1EA4049200E26C3A /* BoyerMooreAlgorithm.swift */; };
		00BBA4E31EA63CC800E26C3A /* BoyerMooreAlgorithmTests.swift in Sources */ = {isa = PBXBuildFile; fileRef = 00BBA4E21EA63CC800E26C3A /* BoyerMooreAlgorithmTests.swift */; };
		00BBA4E51EACF10800E26C3A /* AreCharactersUnique.swift in Sources */ = {isa = PBXBuildFile; fileRef = 00BBA4E41EACF10800E26C3A /* AreCharactersUnique.swift */; };
		00E466131EBE5FF9009BFD2C /* SampleProtocolsWithAssociatedTypes.swift in Sources */ = {isa = PBXBuildFile; fileRef = 00E466121EBE5FF9009BFD2C /* SampleProtocolsWithAssociatedTypes.swift */; };
		2056FC2689CFBB243BA16446 /* Pods_Algorithmia.framework in Frameworks */ = {isa = PBXBuildFile; fileRef = 00494C8A20B180E2002E2AFA /* Pods_Algorithmia.framework */; };
		5FDFDD666E31E9D3ECBC3A15 /* Pods_Algorithmia.framework in Frameworks */ = {isa = PBXBuildFile; fileRef = 725BA33CF7D7DBFC00862F9A /* Pods_Algorithmia.framework */; };
		EEAF3671D447E1BEACE919BE /* Pods_UnitTests.framework in Frameworks */ = {isa = PBXBuildFile; fileRef = 8114C2D9A9C79067E86FD13F /* Pods_UnitTests.framework */; };
/* End PBXBuildFile section */

/* Begin PBXCopyFilesBuildPhase section */
		00546D631A33981000A043A7 /* CopyFiles */ = {
			isa = PBXCopyFilesBuildPhase;
			buildActionMask = 2147483647;
			dstPath = /usr/share/man/man1/;
			dstSubfolderSpec = 0;
			files = (
			);
			runOnlyForDeploymentPostprocessing = 1;
		};
/* End PBXCopyFilesBuildPhase section */

/* Begin PBXFileReference section */
		00140EE81EB49BE300992C1B /* SmallDifferenceTests.swift */ = {isa = PBXFileReference; fileEncoding = 4; lastKnownFileType = sourcecode.swift; path = SmallDifferenceTests.swift; sourceTree = "<group>"; };
		00140EEA1EB5D8C800992C1B /* MatrixRotation.swift */ = {isa = PBXFileReference; fileEncoding = 4; lastKnownFileType = sourcecode.swift; path = MatrixRotation.swift; sourceTree = "<group>"; };
		00140EF01EB5E18A00992C1B /* MatrixRotationTests.swift */ = {isa = PBXFileReference; fileEncoding = 4; lastKnownFileType = sourcecode.swift; path = MatrixRotationTests.swift; sourceTree = "<group>"; };
		00140EF21EB617FD00992C1B /* StringRotation.swift */ = {isa = PBXFileReference; fileEncoding = 4; lastKnownFileType = sourcecode.swift; path = StringRotation.swift; sourceTree = "<group>"; };
		00140EF41EB61D3D00992C1B /* StringRotationTests.swift */ = {isa = PBXFileReference; fileEncoding = 4; lastKnownFileType = sourcecode.swift; path = StringRotationTests.swift; sourceTree = "<group>"; };
		00140EFC1EB8A53E00992C1B /* IsLinkedListPalindrome.swift */ = {isa = PBXFileReference; fileEncoding = 4; lastKnownFileType = sourcecode.swift; path = IsLinkedListPalindrome.swift; sourceTree = "<group>"; };
		0017C9CB1EACF84C00E5E749 /* AreCharactersUniqueTests.swift */ = {isa = PBXFileReference; fileEncoding = 4; lastKnownFileType = sourcecode.swift; name = AreCharactersUniqueTests.swift; path = "../String-matching/AreCharactersUniqueTests.swift"; sourceTree = "<group>"; };
		0017C9CD1EAF04F500E5E749 /* ReplaceSpaces.swift */ = {isa = PBXFileReference; fileEncoding = 4; lastKnownFileType = sourcecode.swift; path = ReplaceSpaces.swift; sourceTree = "<group>"; };
		0017C9CF1EAF08E900E5E749 /* ReplaceSpacesTests.swift */ = {isa = PBXFileReference; fileEncoding = 4; lastKnownFileType = sourcecode.swift; name = ReplaceSpacesTests.swift; path = "../String-matching/ReplaceSpacesTests.swift"; sourceTree = "<group>"; };
		0017C9D11EB065C300E5E749 /* IsPermutationOfPalindrome.swift */ = {isa = PBXFileReference; fileEncoding = 4; lastKnownFileType = sourcecode.swift; path = IsPermutationOfPalindrome.swift; sourceTree = "<group>"; };
		0017C9D31EB068AB00E5E749 /* IsPermutationOfPalindromeTests.swift */ = {isa = PBXFileReference; fileEncoding = 4; lastKnownFileType = sourcecode.swift; name = IsPermutationOfPalindromeTests.swift; path = "../String-matching/IsPermutationOfPalindromeTests.swift"; sourceTree = "<group>"; };
		0017C9D51EB31B9C00E5E749 /* SmallDifference.swift */ = {isa = PBXFileReference; fileEncoding = 4; lastKnownFileType = sourcecode.swift; path = SmallDifference.swift; sourceTree = "<group>"; };
		003DB8841DCD30A600B51FCC /* UnitTests.xctest */ = {isa = PBXFileReference; explicitFileType = wrapper.cfbundle; includeInIndex = 0; path = UnitTests.xctest; sourceTree = BUILT_PRODUCTS_DIR; };
		003DB8881DCD30A600B51FCC /* Info.plist */ = {isa = PBXFileReference; lastKnownFileType = text.plist.xml; path = Info.plist; sourceTree = "<group>"; };
		00494C8720B17D24002E2AFA /* Podfile */ = {isa = PBXFileReference; fileEncoding = 4; lastKnownFileType = text; path = Podfile; sourceTree = SOURCE_ROOT; xcLanguageSpecificationIdentifier = xcode.lang.ruby; };
		00494C8820B18094002E2AFA /* RSDataStructures.framework */ = {isa = PBXFileReference; explicitFileType = wrapper.framework; path = RSDataStructures.framework; sourceTree = BUILT_PRODUCTS_DIR; };
		00494C8A20B180E2002E2AFA /* Pods_Algorithmia.framework */ = {isa = PBXFileReference; explicitFileType = wrapper.framework; path = Pods_Algorithmia.framework; sourceTree = BUILT_PRODUCTS_DIR; };
		00546D651A33981000A043A7 /* Algorithmia */ = {isa = PBXFileReference; explicitFileType = "compiled.mach-o.executable"; includeInIndex = 0; path = Algorithmia; sourceTree = BUILT_PRODUCTS_DIR; };
		0078707C1EEF4CB8002514CB /* measurement.c */ = {isa = PBXFileReference; lastKnownFileType = sourcecode.c.c; path = measurement.c; sourceTree = "<group>"; };
		0078707D1EEF4CB8002514CB /* measurement.h */ = {isa = PBXFileReference; lastKnownFileType = sourcecode.c.h; path = measurement.h; sourceTree = "<group>"; };
		0078707F1EEF4CB8002514CB /* exchange_sort.c */ = {isa = PBXFileReference; lastKnownFileType = sourcecode.c.c; path = exchange_sort.c; sourceTree = "<group>"; };
		007870801EEF4CB8002514CB /* exchange_sort.h */ = {isa = PBXFileReference; lastKnownFileType = sourcecode.c.h; path = exchange_sort.h; sourceTree = "<group>"; };
		007870811EEF4CB8002514CB /* insertion_sort.c */ = {isa = PBXFileReference; lastKnownFileType = sourcecode.c.c; path = insertion_sort.c; sourceTree = "<group>"; };
		007870821EEF4CB8002514CB /* insertion_sort.h */ = {isa = PBXFileReference; lastKnownFileType = sourcecode.c.h; path = insertion_sort.h; sourceTree = "<group>"; };
		007870831EEF4CB8002514CB /* main.c */ = {isa = PBXFileReference; lastKnownFileType = sourcecode.c.c; path = main.c; sourceTree = "<group>"; };
		007870841EEF4CB8002514CB /* sorting.h */ = {isa = PBXFileReference; lastKnownFileType = sourcecode.c.h; path = sorting.h; sourceTree = "<group>"; };
		007870851EEF4CB8002514CB /* utils.c */ = {isa = PBXFileReference; lastKnownFileType = sourcecode.c.c; path = utils.c; sourceTree = "<group>"; };
		007870861EEF4CB8002514CB /* utils.h */ = {isa = PBXFileReference; lastKnownFileType = sourcecode.c.h; path = utils.h; sourceTree = "<group>"; };
		00AC08561E9EA8BA007B0414 /* FindNumberThatHaveGivenSumOrDiff.swift */ = {isa = PBXFileReference; fileEncoding = 4; lastKnownFileType = sourcecode.swift; path = FindNumberThatHaveGivenSumOrDiff.swift; sourceTree = "<group>"; };
		00AC08591E9EB191007B0414 /* FindNumberThatHaveGivenSumTests.swift */ = {isa = PBXFileReference; fileEncoding = 4; lastKnownFileType = sourcecode.swift; path = FindNumberThatHaveGivenSumTests.swift; sourceTree = "<group>"; };
		00AC085B1E9F5EAD007B0414 /* Base_DNumberFromDigits.swift */ = {isa = PBXFileReference; fileEncoding = 4; lastKnownFileType = sourcecode.swift; path = Base_DNumberFromDigits.swift; sourceTree = "<group>"; };
		00AC085D1E9F5F9C007B0414 /* Base_DNumberFromDigitsTests.swift */ = {isa = PBXFileReference; fileEncoding = 4; lastKnownFileType = sourcecode.swift; path = Base_DNumberFromDigitsTests.swift; sourceTree = "<group>"; };
		00AC085F1EA0CC3A007B0414 /* RabinKarpAlgorithm.swift */ = {isa = PBXFileReference; fileEncoding = 4; lastKnownFileType = sourcecode.swift; path = RabinKarpAlgorithm.swift; sourceTree = "<group>"; };
		00AC08611EA135C0007B0414 /* RabinKarpAlgorithmTests.swift */ = {isa = PBXFileReference; fileEncoding = 4; lastKnownFileType = sourcecode.swift; path = RabinKarpAlgorithmTests.swift; sourceTree = "<group>"; };
		00AECD8B1E9CB745007E8458 /* FindAllPermutations.swift */ = {isa = PBXFileReference; fileEncoding = 4; lastKnownFileType = sourcecode.swift; path = FindAllPermutations.swift; sourceTree = "<group>"; };
		00AECD8F1E9E7D7D007E8458 /* FindAllPermutationTests.swift */ = {isa = PBXFileReference; fileEncoding = 4; lastKnownFileType = sourcecode.swift; path = FindAllPermutationTests.swift; sourceTree = "<group>"; };
		00BBA4DB1EA4049200E26C3A /* BoyerMooreAlgorithm.swift */ = {isa = PBXFileReference; fileEncoding = 4; lastKnownFileType = sourcecode.swift; path = BoyerMooreAlgorithm.swift; sourceTree = "<group>"; };
		00BBA4DD1EA638F600E26C3A /* String+Extensions.swift */ = {isa = PBXFileReference; fileEncoding = 4; lastKnownFileType = sourcecode.swift; path = "String+Extensions.swift"; sourceTree = "<group>"; };
		00BBA4DF1EA639DA00E26C3A /* Int+Extensions.swift */ = {isa = PBXFileReference; fileEncoding = 4; lastKnownFileType = sourcecode.swift; path = "Int+Extensions.swift"; sourceTree = "<group>"; };
		00BBA4E21EA63CC800E26C3A /* BoyerMooreAlgorithmTests.swift */ = {isa = PBXFileReference; fileEncoding = 4; lastKnownFileType = sourcecode.swift; path = BoyerMooreAlgorithmTests.swift; sourceTree = "<group>"; };
		00BBA4E41EACF10800E26C3A /* AreCharactersUnique.swift */ = {isa = PBXFileReference; fileEncoding = 4; lastKnownFileType = sourcecode.swift; path = AreCharactersUnique.swift; sourceTree = "<group>"; };
		00E466121EBE5FF9009BFD2C /* SampleProtocolsWithAssociatedTypes.swift */ = {isa = PBXFileReference; fileEncoding = 4; lastKnownFileType = sourcecode.swift; path = SampleProtocolsWithAssociatedTypes.swift; sourceTree = "<group>"; };
		2227A0B80FD2098023737FC7 /* Pods-UnitTests.debug.xcconfig */ = {isa = PBXFileReference; includeInIndex = 1; lastKnownFileType = text.xcconfig; name = "Pods-UnitTests.debug.xcconfig"; path = "Pods/Target Support Files/Pods-UnitTests/Pods-UnitTests.debug.xcconfig"; sourceTree = "<group>"; };
		5023C0255EC68EE2D7469F8C /* Pods-Algorithmia.debug.xcconfig */ = {isa = PBXFileReference; includeInIndex = 1; lastKnownFileType = text.xcconfig; name = "Pods-Algorithmia.debug.xcconfig"; path = "Pods/Target Support Files/Pods-Algorithmia/Pods-Algorithmia.debug.xcconfig"; sourceTree = "<group>"; };
		5888D86485B7B859BA9E74F9 /* Pods-Algorithmia.release.xcconfig */ = {isa = PBXFileReference; includeInIndex = 1; lastKnownFileType = text.xcconfig; name = "Pods-Algorithmia.release.xcconfig"; path = "Pods/Target Support Files/Pods-Algorithmia/Pods-Algorithmia.release.xcconfig"; sourceTree = "<group>"; };
		725BA33CF7D7DBFC00862F9A /* Pods_Algorithmia.framework */ = {isa = PBXFileReference; explicitFileType = wrapper.framework; includeInIndex = 0; path = Pods_Algorithmia.framework; sourceTree = BUILT_PRODUCTS_DIR; };
		8114C2D9A9C79067E86FD13F /* Pods_UnitTests.framework */ = {isa = PBXFileReference; explicitFileType = wrapper.framework; includeInIndex = 0; path = Pods_UnitTests.framework; sourceTree = BUILT_PRODUCTS_DIR; };
		EF1611758590399D26493D19 /* Pods-UnitTests.release.xcconfig */ = {isa = PBXFileReference; includeInIndex = 1; lastKnownFileType = text.xcconfig; name = "Pods-UnitTests.release.xcconfig"; path = "Pods/Target Support Files/Pods-UnitTests/Pods-UnitTests.release.xcconfig"; sourceTree = "<group>"; };
/* End PBXFileReference section */

/* Begin PBXFrameworksBuildPhase section */
		003DB8811DCD30A600B51FCC /* Frameworks */ = {
			isa = PBXFrameworksBuildPhase;
			buildActionMask = 2147483647;
			files = (
				EEAF3671D447E1BEACE919BE /* Pods_UnitTests.framework in Frameworks */,
			);
			runOnlyForDeploymentPostprocessing = 0;
		};
		00546D621A33981000A043A7 /* Frameworks */ = {
			isa = PBXFrameworksBuildPhase;
			buildActionMask = 2147483647;
			files = (
				5FDFDD666E31E9D3ECBC3A15 /* Pods_Algorithmia.framework in Frameworks */,
				2056FC2689CFBB243BA16446 /* Pods_Algorithmia.framework in Frameworks */,
			);
			runOnlyForDeploymentPostprocessing = 0;
		};
/* End PBXFrameworksBuildPhase section */

/* Begin PBXGroup section */
		003DB8851DCD30A600B51FCC /* UnitTests */ = {
			isa = PBXGroup;
			children = (
				00AC08581E9EB15E007B0414 /* Generic problems */,
				00AECD8E1E9E7C89007E8458 /* String-matching */,
				003DB8881DCD30A600B51FCC /* Info.plist */,
			);
			path = UnitTests;
			sourceTree = "<group>";
		};
		00546D5C1A33981000A043A7 = {
			isa = PBXGroup;
			children = (
				00546D671A33981000A043A7 /* Algorithmia */,
				003DB8851DCD30A600B51FCC /* UnitTests */,
				00546D661A33981000A043A7 /* Products */,
				84D6137340903A997D42D1DD /* Pods */,
				C2EF73386DE3E3720E9503C5 /* Frameworks */,
			);
			sourceTree = "<group>";
		};
		00546D661A33981000A043A7 /* Products */ = {
			isa = PBXGroup;
			children = (
				00546D651A33981000A043A7 /* Algorithmia */,
				003DB8841DCD30A600B51FCC /* UnitTests.xctest */,
			);
			name = Products;
			sourceTree = "<group>";
		};
		00546D671A33981000A043A7 /* Algorithmia */ = {
			isa = PBXGroup;
			children = (
				00494C8720B17D24002E2AFA /* Podfile */,
				00546D781A37A04600A043A7 /* Utils */,
				0078707B1EEF4CB8002514CB /* Measurament */,
				0078707E1EEF4CB8002514CB /* Sorting */,
				00AC08551E9EA85C007B0414 /* Generic problems */,
				00AECD8A1E9CB705007E8458 /* String-matching */,
			);
			path = Algorithmia;
			sourceTree = "<group>";
		};
		00546D781A37A04600A043A7 /* Utils */ = {
			isa = PBXGroup;
			children = (
				007870861EEF4CB8002514CB /* utils.h */,
				007870851EEF4CB8002514CB /* utils.c */,
				00BBA4DD1EA638F600E26C3A /* String+Extensions.swift */,
				00BBA4DF1EA639DA00E26C3A /* Int+Extensions.swift */,
			);
			name = Utils;
			sourceTree = "<group>";
		};
		0078707B1EEF4CB8002514CB /* Measurament */ = {
			isa = PBXGroup;
			children = (
				0078707D1EEF4CB8002514CB /* measurement.h */,
				0078707C1EEF4CB8002514CB /* measurement.c */,
			);
			path = Measurament;
			sourceTree = "<group>";
		};
		0078707E1EEF4CB8002514CB /* Sorting */ = {
			isa = PBXGroup;
			children = (
				007870841EEF4CB8002514CB /* sorting.h */,
				007870801EEF4CB8002514CB /* exchange_sort.h */,
				0078707F1EEF4CB8002514CB /* exchange_sort.c */,
				007870821EEF4CB8002514CB /* insertion_sort.h */,
				007870811EEF4CB8002514CB /* insertion_sort.c */,
				007870831EEF4CB8002514CB /* main.c */,
			);
			path = Sorting;
			sourceTree = "<group>";
		};
		00AC08551E9EA85C007B0414 /* Generic problems */ = {
			isa = PBXGroup;
			children = (
				00140EFC1EB8A53E00992C1B /* IsLinkedListPalindrome.swift */,
				00AC08561E9EA8BA007B0414 /* FindNumberThatHaveGivenSumOrDiff.swift */,
				00AC085B1E9F5EAD007B0414 /* Base_DNumberFromDigits.swift */,
				00BBA4E41EACF10800E26C3A /* AreCharactersUnique.swift */,
				0017C9CD1EAF04F500E5E749 /* ReplaceSpaces.swift */,
				0017C9D11EB065C300E5E749 /* IsPermutationOfPalindrome.swift */,
				0017C9D51EB31B9C00E5E749 /* SmallDifference.swift */,
				00140EEA1EB5D8C800992C1B /* MatrixRotation.swift */,
				00140EF21EB617FD00992C1B /* StringRotation.swift */,
				00E466121EBE5FF9009BFD2C /* SampleProtocolsWithAssociatedTypes.swift */,
			);
			path = "Generic problems";
			sourceTree = "<group>";
		};
		00AC08581E9EB15E007B0414 /* Generic problems */ = {
			isa = PBXGroup;
			children = (
				00AC08591E9EB191007B0414 /* FindNumberThatHaveGivenSumTests.swift */,
				0017C9CB1EACF84C00E5E749 /* AreCharactersUniqueTests.swift */,
				0017C9CF1EAF08E900E5E749 /* ReplaceSpacesTests.swift */,
				0017C9D31EB068AB00E5E749 /* IsPermutationOfPalindromeTests.swift */,
				00AC085D1E9F5F9C007B0414 /* Base_DNumberFromDigitsTests.swift */,
				00140EE81EB49BE300992C1B /* SmallDifferenceTests.swift */,
				00140EF01EB5E18A00992C1B /* MatrixRotationTests.swift */,
				00140EF41EB61D3D00992C1B /* StringRotationTests.swift */,
			);
			path = "Generic problems";
			sourceTree = "<group>";
		};
		00AECD8A1E9CB705007E8458 /* String-matching */ = {
			isa = PBXGroup;
			children = (
				00AECD8B1E9CB745007E8458 /* FindAllPermutations.swift */,
				00AC085F1EA0CC3A007B0414 /* RabinKarpAlgorithm.swift */,
				00BBA4DB1EA4049200E26C3A /* BoyerMooreAlgorithm.swift */,
			);
			path = "String-matching";
			sourceTree = "<group>";
		};
		00AECD8E1E9E7C89007E8458 /* String-matching */ = {
			isa = PBXGroup;
			children = (
				00AECD8F1E9E7D7D007E8458 /* FindAllPermutationTests.swift */,
				00AC08611EA135C0007B0414 /* RabinKarpAlgorithmTests.swift */,
				00BBA4E21EA63CC800E26C3A /* BoyerMooreAlgorithmTests.swift */,
			);
			path = "String-matching";
			sourceTree = "<group>";
		};
		84D6137340903A997D42D1DD /* Pods */ = {
			isa = PBXGroup;
			children = (
				5023C0255EC68EE2D7469F8C /* Pods-Algorithmia.debug.xcconfig */,
				5888D86485B7B859BA9E74F9 /* Pods-Algorithmia.release.xcconfig */,
				2227A0B80FD2098023737FC7 /* Pods-UnitTests.debug.xcconfig */,
				EF1611758590399D26493D19 /* Pods-UnitTests.release.xcconfig */,
			);
			name = Pods;
			sourceTree = "<group>";
		};
		C2EF73386DE3E3720E9503C5 /* Frameworks */ = {
			isa = PBXGroup;
			children = (
				00494C8A20B180E2002E2AFA /* Pods_Algorithmia.framework */,
				00494C8820B18094002E2AFA /* RSDataStructures.framework */,
				725BA33CF7D7DBFC00862F9A /* Pods_Algorithmia.framework */,
				8114C2D9A9C79067E86FD13F /* Pods_UnitTests.framework */,
			);
			name = Frameworks;
			sourceTree = "<group>";
		};
/* End PBXGroup section */

/* Begin PBXNativeTarget section */
		003DB8831DCD30A600B51FCC /* UnitTests */ = {
			isa = PBXNativeTarget;
			buildConfigurationList = 003DB88B1DCD30A600B51FCC /* Build configuration list for PBXNativeTarget "UnitTests" */;
			buildPhases = (
				C23C6C1486A25AE598CEF780 /* [CP] Check Pods Manifest.lock */,
				003DB8801DCD30A600B51FCC /* Sources */,
				003DB8811DCD30A600B51FCC /* Frameworks */,
				003DB8821DCD30A600B51FCC /* Resources */,
				1AFE5185612117474BF2F07D /* [CP] Embed Pods Frameworks */,
				C1CB164D7159074102AB9958 /* [CP] Copy Pods Resources */,
			);
			buildRules = (
			);
			dependencies = (
			);
			name = UnitTests;
			productName = UnitTests;
			productReference = 003DB8841DCD30A600B51FCC /* UnitTests.xctest */;
			productType = "com.apple.product-type.bundle.unit-test";
		};
		00546D641A33981000A043A7 /* Algorithmia */ = {
			isa = PBXNativeTarget;
			buildConfigurationList = 00546D6C1A33981000A043A7 /* Build configuration list for PBXNativeTarget "Algorithmia" */;
			buildPhases = (
				04E615EEA5AE3F6ABDA63BF1 /* [CP] Check Pods Manifest.lock */,
				00546D611A33981000A043A7 /* Sources */,
				00546D621A33981000A043A7 /* Frameworks */,
				00546D631A33981000A043A7 /* CopyFiles */,
				8ED67E6F293570D3D7464552 /* [CP] Copy Pods Resources */,
			);
			buildRules = (
			);
			dependencies = (
			);
			name = Algorithmia;
			productName = Algorithmia;
			productReference = 00546D651A33981000A043A7 /* Algorithmia */;
			productType = "com.apple.product-type.tool";
		};
/* End PBXNativeTarget section */

/* Begin PBXProject section */
		00546D5D1A33981000A043A7 /* Project object */ = {
			isa = PBXProject;
			attributes = {
				LastSwiftUpdateCheck = 0810;
				LastUpgradeCheck = 0930;
				ORGANIZATIONNAME = "Borja Arias Drake";
				TargetAttributes = {
					003DB8831DCD30A600B51FCC = {
						CreatedOnToolsVersion = 8.1;
						DevelopmentTeam = HDWMV7DY5P;
						LastSwiftMigration = 0900;
						ProvisioningStyle = Automatic;
					};
					00546D641A33981000A043A7 = {
						CreatedOnToolsVersion = 6.1.1;
					};
				};
			};
			buildConfigurationList = 00546D601A33981000A043A7 /* Build configuration list for PBXProject "Algorithmia" */;
			compatibilityVersion = "Xcode 3.2";
			developmentRegion = English;
			hasScannedForEncodings = 0;
			knownRegions = (
				en,
			);
			mainGroup = 00546D5C1A33981000A043A7;
			productRefGroup = 00546D661A33981000A043A7 /* Products */;
			projectDirPath = "";
			projectRoot = "";
			targets = (
				00546D641A33981000A043A7 /* Algorithmia */,
				003DB8831DCD30A600B51FCC /* UnitTests */,
			);
		};
/* End PBXProject section */

/* Begin PBXResourcesBuildPhase section */
		003DB8821DCD30A600B51FCC /* Resources */ = {
			isa = PBXResourcesBuildPhase;
			buildActionMask = 2147483647;
			files = (
			);
			runOnlyForDeploymentPostprocessing = 0;
		};
/* End PBXResourcesBuildPhase section */

/* Begin PBXShellScriptBuildPhase section */
		04E615EEA5AE3F6ABDA63BF1 /* [CP] Check Pods Manifest.lock */ = {
			isa = PBXShellScriptBuildPhase;
			buildActionMask = 2147483647;
			files = (
			);
			inputPaths = (
				"${PODS_PODFILE_DIR_PATH}/Podfile.lock",
				"${PODS_ROOT}/Manifest.lock",
			);
			name = "[CP] Check Pods Manifest.lock";
			outputPaths = (
				"$(DERIVED_FILE_DIR)/Pods-Algorithmia-checkManifestLockResult.txt",
			);
			runOnlyForDeploymentPostprocessing = 0;
			shellPath = /bin/sh;
			shellScript = "diff \"${PODS_PODFILE_DIR_PATH}/Podfile.lock\" \"${PODS_ROOT}/Manifest.lock\" > /dev/null\nif [ $? != 0 ] ; then\n    # print error to STDERR\n    echo \"error: The sandbox is not in sync with the Podfile.lock. Run 'pod install' or update your CocoaPods installation.\" >&2\n    exit 1\nfi\n# This output is used by Xcode 'outputs' to avoid re-running this script phase.\necho \"SUCCESS\" > \"${SCRIPT_OUTPUT_FILE_0}\"\n";
			showEnvVarsInLog = 0;
		};
		1AFE5185612117474BF2F07D /* [CP] Embed Pods Frameworks */ = {
			isa = PBXShellScriptBuildPhase;
			buildActionMask = 2147483647;
			files = (
			);
			inputPaths = (
				"${SRCROOT}/Pods/Target Support Files/Pods-UnitTests/Pods-UnitTests-frameworks.sh",
				"${BUILT_PRODUCTS_DIR}/RSDataStructures-iOS10.1/RSDataStructures.framework",
			);
			name = "[CP] Embed Pods Frameworks";
			outputPaths = (
				"${TARGET_BUILD_DIR}/${FRAMEWORKS_FOLDER_PATH}/RSDataStructures.framework",
			);
			runOnlyForDeploymentPostprocessing = 0;
			shellPath = /bin/sh;
			shellScript = "\"${SRCROOT}/Pods/Target Support Files/Pods-UnitTests/Pods-UnitTests-frameworks.sh\"\n";
			showEnvVarsInLog = 0;
		};
		8ED67E6F293570D3D7464552 /* [CP] Copy Pods Resources */ = {
			isa = PBXShellScriptBuildPhase;
			buildActionMask = 2147483647;
			files = (
			);
			inputPaths = (
			);
			name = "[CP] Copy Pods Resources";
			outputPaths = (
			);
			runOnlyForDeploymentPostprocessing = 0;
			shellPath = /bin/sh;
			shellScript = "\"${SRCROOT}/Pods/Target Support Files/Pods-Algorithmia/Pods-Algorithmia-resources.sh\"\n";
			showEnvVarsInLog = 0;
		};
		C1CB164D7159074102AB9958 /* [CP] Copy Pods Resources */ = {
			isa = PBXShellScriptBuildPhase;
			buildActionMask = 2147483647;
			files = (
			);
			inputPaths = (
			);
			name = "[CP] Copy Pods Resources";
			outputPaths = (
			);
			runOnlyForDeploymentPostprocessing = 0;
			shellPath = /bin/sh;
			shellScript = "\"${SRCROOT}/Pods/Target Support Files/Pods-UnitTests/Pods-UnitTests-resources.sh\"\n";
			showEnvVarsInLog = 0;
		};
		C23C6C1486A25AE598CEF780 /* [CP] Check Pods Manifest.lock */ = {
			isa = PBXShellScriptBuildPhase;
			buildActionMask = 2147483647;
			files = (
			);
			inputPaths = (
				"${PODS_PODFILE_DIR_PATH}/Podfile.lock",
				"${PODS_ROOT}/Manifest.lock",
			);
			name = "[CP] Check Pods Manifest.lock";
			outputPaths = (
				"$(DERIVED_FILE_DIR)/Pods-UnitTests-checkManifestLockResult.txt",
			);
			runOnlyForDeploymentPostprocessing = 0;
			shellPath = /bin/sh;
			shellScript = "diff \"${PODS_PODFILE_DIR_PATH}/Podfile.lock\" \"${PODS_ROOT}/Manifest.lock\" > /dev/null\nif [ $? != 0 ] ; then\n    # print error to STDERR\n    echo \"error: The sandbox is not in sync with the Podfile.lock. Run 'pod install' or update your CocoaPods installation.\" >&2\n    exit 1\nfi\n# This output is used by Xcode 'outputs' to avoid re-running this script phase.\necho \"SUCCESS\" > \"${SCRIPT_OUTPUT_FILE_0}\"\n";
			showEnvVarsInLog = 0;
		};
/* End PBXShellScriptBuildPhase section */

/* Begin PBXSourcesBuildPhase section */
		003DB8801DCD30A600B51FCC /* Sources */ = {
			isa = PBXSourcesBuildPhase;
			buildActionMask = 2147483647;
			files = (
				00AC085A1E9EB191007B0414 /* FindNumberThatHaveGivenSumTests.swift in Sources */,
				0017C9D01EAF08E900E5E749 /* ReplaceSpacesTests.swift in Sources */,
				00BBA4E01EA639DA00E26C3A /* Int+Extensions.swift in Sources */,
				00AC085C1E9F5EAD007B0414 /* Base_DNumberFromDigits.swift in Sources */,
				0017C9CE1EAF04F500E5E749 /* ReplaceSpaces.swift in Sources */,
				0017C9D21EB065C300E5E749 /* IsPermutationOfPalindrome.swift in Sources */,
				00E466131EBE5FF9009BFD2C /* SampleProtocolsWithAssociatedTypes.swift in Sources */,
				00140EF31EB617FD00992C1B /* StringRotation.swift in Sources */,
				00140EEB1EB5D8C800992C1B /* MatrixRotation.swift in Sources */,
				00BBA4DE1EA638F600E26C3A /* String+Extensions.swift in Sources */,
				00BBA4E51EACF10800E26C3A /* AreCharactersUnique.swift in Sources */,
				0017C9D61EB31B9C00E5E749 /* SmallDifference.swift in Sources */,
				00140EF51EB61D3D00992C1B /* StringRotationTests.swift in Sources */,
				00AECD901E9E7D7D007E8458 /* FindAllPermutationTests.swift in Sources */,
				0017C9D41EB068AB00E5E749 /* IsPermutationOfPalindromeTests.swift in Sources */,
				00AECD8C1E9CB745007E8458 /* FindAllPermutations.swift in Sources */,
				00AC08571E9EA8BA007B0414 /* FindNumberThatHaveGivenSumOrDiff.swift in Sources */,
				00BBA4E31EA63CC800E26C3A /* BoyerMooreAlgorithmTests.swift in Sources */,
				007870511EEDAC90002514CB /* IsLinkedListPalindrome.swift in Sources */,
				00BBA4E11EA63A1200E26C3A /* BoyerMooreAlgorithm.swift in Sources */,
				00140EE91EB49BE300992C1B /* SmallDifferenceTests.swift in Sources */,
				0017C9CC1EACF84C00E5E749 /* AreCharactersUniqueTests.swift in Sources */,
				00AC08601EA0CC3A007B0414 /* RabinKarpAlgorithm.swift in Sources */,
				00AC08621EA135C0007B0414 /* RabinKarpAlgorithmTests.swift in Sources */,
				00140EF11EB5E18A00992C1B /* MatrixRotationTests.swift in Sources */,
				00AC085E1E9F5F9C007B0414 /* Base_DNumberFromDigitsTests.swift in Sources */,
			);
			runOnlyForDeploymentPostprocessing = 0;
		};
		00546D611A33981000A043A7 /* Sources */ = {
			isa = PBXSourcesBuildPhase;
			buildActionMask = 2147483647;
			files = (
				0078708A1EEF4CCF002514CB /* main.c in Sources */,
				007870881EEF4CCF002514CB /* exchange_sort.c in Sources */,
				007870871EEF4CCF002514CB /* measurement.c in Sources */,
				0078708B1EEF4CCF002514CB /* utils.c in Sources */,
				007870891EEF4CCF002514CB /* insertion_sort.c in Sources */,
			);
			runOnlyForDeploymentPostprocessing = 0;
		};
/* End PBXSourcesBuildPhase section */

/* Begin XCBuildConfiguration section */
		003DB8891DCD30A600B51FCC /* Debug */ = {
			isa = XCBuildConfiguration;
			baseConfigurationReference = 2227A0B80FD2098023737FC7 /* Pods-UnitTests.debug.xcconfig */;
			buildSettings = {
				CLANG_ANALYZER_NONNULL = YES;
				CLANG_WARN_DOCUMENTATION_COMMENTS = YES;
				CLANG_WARN_INFINITE_RECURSION = YES;
				CLANG_WARN_SUSPICIOUS_MOVES = YES;
				"CODE_SIGN_IDENTITY[sdk=iphoneos*]" = "iPhone Developer";
				DEBUG_INFORMATION_FORMAT = dwarf;
				DEVELOPMENT_TEAM = HDWMV7DY5P;
				ENABLE_TESTABILITY = YES;
				GCC_NO_COMMON_BLOCKS = YES;
				INFOPLIST_FILE = UnitTests/Info.plist;
				IPHONEOS_DEPLOYMENT_TARGET = 10.1;
				LD_RUNPATH_SEARCH_PATHS = "$(inherited) @executable_path/Frameworks @loader_path/Frameworks";
				PRODUCT_BUNDLE_IDENTIFIER = com.boasoftware.UnitTests;
				PRODUCT_NAME = "$(TARGET_NAME)";
				SDKROOT = iphoneos;
				SWIFT_ACTIVE_COMPILATION_CONDITIONS = DEBUG;
				SWIFT_OPTIMIZATION_LEVEL = "-Onone";
				SWIFT_SWIFT3_OBJC_INFERENCE = Off;
				SWIFT_VERSION = 4.0;
			};
			name = Debug;
		};
		003DB88A1DCD30A600B51FCC /* Release */ = {
			isa = XCBuildConfiguration;
			baseConfigurationReference = EF1611758590399D26493D19 /* Pods-UnitTests.release.xcconfig */;
			buildSettings = {
				CLANG_ANALYZER_NONNULL = YES;
				CLANG_WARN_DOCUMENTATION_COMMENTS = YES;
				CLANG_WARN_INFINITE_RECURSION = YES;
				CLANG_WARN_SUSPICIOUS_MOVES = YES;
				"CODE_SIGN_IDENTITY[sdk=iphoneos*]" = "iPhone Developer";
				COPY_PHASE_STRIP = NO;
				DEVELOPMENT_TEAM = HDWMV7DY5P;
				GCC_NO_COMMON_BLOCKS = YES;
				INFOPLIST_FILE = UnitTests/Info.plist;
				IPHONEOS_DEPLOYMENT_TARGET = 10.1;
				LD_RUNPATH_SEARCH_PATHS = "$(inherited) @executable_path/Frameworks @loader_path/Frameworks";
				PRODUCT_BUNDLE_IDENTIFIER = com.boasoftware.UnitTests;
				PRODUCT_NAME = "$(TARGET_NAME)";
				SDKROOT = iphoneos;
				SWIFT_OPTIMIZATION_LEVEL = "-Owholemodule";
				SWIFT_SWIFT3_OBJC_INFERENCE = Off;
				SWIFT_VERSION = 4.0;
				VALIDATE_PRODUCT = YES;
			};
			name = Release;
		};
		00546D6A1A33981000A043A7 /* Debug */ = {
			isa = XCBuildConfiguration;
			buildSettings = {
				ALWAYS_SEARCH_USER_PATHS = NO;
				CLANG_CXX_LANGUAGE_STANDARD = "gnu++0x";
				CLANG_CXX_LIBRARY = "libc++";
				CLANG_ENABLE_MODULES = YES;
				CLANG_ENABLE_OBJC_ARC = YES;
				CLANG_WARN_BLOCK_CAPTURE_AUTORELEASING = YES;
				CLANG_WARN_BOOL_CONVERSION = YES;
				CLANG_WARN_COMMA = YES;
				CLANG_WARN_CONSTANT_CONVERSION = YES;
				CLANG_WARN_DEPRECATED_OBJC_IMPLEMENTATIONS = YES;
				CLANG_WARN_DIRECT_OBJC_ISA_USAGE = YES_ERROR;
				CLANG_WARN_EMPTY_BODY = YES;
				CLANG_WARN_ENUM_CONVERSION = YES;
				CLANG_WARN_INFINITE_RECURSION = YES;
				CLANG_WARN_INT_CONVERSION = YES;
				CLANG_WARN_NON_LITERAL_NULL_CONVERSION = YES;
				CLANG_WARN_OBJC_IMPLICIT_RETAIN_SELF = YES;
				CLANG_WARN_OBJC_LITERAL_CONVERSION = YES;
				CLANG_WARN_OBJC_ROOT_CLASS = YES_ERROR;
				CLANG_WARN_RANGE_LOOP_ANALYSIS = YES;
				CLANG_WARN_STRICT_PROTOTYPES = YES;
				CLANG_WARN_SUSPICIOUS_MOVE = YES;
				CLANG_WARN_UNREACHABLE_CODE = YES;
				CLANG_WARN__DUPLICATE_METHOD_MATCH = YES;
				COPY_PHASE_STRIP = NO;
				ENABLE_STRICT_OBJC_MSGSEND = YES;
				ENABLE_TESTABILITY = YES;
				GCC_C_LANGUAGE_STANDARD = gnu99;
				GCC_DYNAMIC_NO_PIC = NO;
				GCC_NO_COMMON_BLOCKS = YES;
				GCC_OPTIMIZATION_LEVEL = 0;
				GCC_PREPROCESSOR_DEFINITIONS = (
					"DEBUG=1",
					"$(inherited)",
				);
				GCC_SYMBOLS_PRIVATE_EXTERN = NO;
				GCC_WARN_64_TO_32_BIT_CONVERSION = YES;
				GCC_WARN_ABOUT_RETURN_TYPE = YES_ERROR;
				GCC_WARN_UNDECLARED_SELECTOR = YES;
				GCC_WARN_UNINITIALIZED_AUTOS = YES_AGGRESSIVE;
				GCC_WARN_UNUSED_FUNCTION = YES;
				GCC_WARN_UNUSED_VARIABLE = YES;
				MACOSX_DEPLOYMENT_TARGET = 10.10;
				MTL_ENABLE_DEBUG_INFO = YES;
				ONLY_ACTIVE_ARCH = YES;
				SDKROOT = macosx;
			};
			name = Debug;
		};
		00546D6B1A33981000A043A7 /* Release */ = {
			isa = XCBuildConfiguration;
			buildSettings = {
				ALWAYS_SEARCH_USER_PATHS = NO;
				CLANG_CXX_LANGUAGE_STANDARD = "gnu++0x";
				CLANG_CXX_LIBRARY = "libc++";
				CLANG_ENABLE_MODULES = YES;
				CLANG_ENABLE_OBJC_ARC = YES;
				CLANG_WARN_BLOCK_CAPTURE_AUTORELEASING = YES;
				CLANG_WARN_BOOL_CONVERSION = YES;
				CLANG_WARN_COMMA = YES;
				CLANG_WARN_CONSTANT_CONVERSION = YES;
				CLANG_WARN_DEPRECATED_OBJC_IMPLEMENTATIONS = YES;
				CLANG_WARN_DIRECT_OBJC_ISA_USAGE = YES_ERROR;
				CLANG_WARN_EMPTY_BODY = YES;
				CLANG_WARN_ENUM_CONVERSION = YES;
				CLANG_WARN_INFINITE_RECURSION = YES;
				CLANG_WARN_INT_CONVERSION = YES;
				CLANG_WARN_NON_LITERAL_NULL_CONVERSION = YES;
				CLANG_WARN_OBJC_IMPLICIT_RETAIN_SELF = YES;
				CLANG_WARN_OBJC_LITERAL_CONVERSION = YES;
				CLANG_WARN_OBJC_ROOT_CLASS = YES_ERROR;
				CLANG_WARN_RANGE_LOOP_ANALYSIS = YES;
				CLANG_WARN_STRICT_PROTOTYPES = YES;
				CLANG_WARN_SUSPICIOUS_MOVE = YES;
				CLANG_WARN_UNREACHABLE_CODE = YES;
				CLANG_WARN__DUPLICATE_METHOD_MATCH = YES;
				COPY_PHASE_STRIP = YES;
				DEBUG_INFORMATION_FORMAT = "dwarf-with-dsym";
				ENABLE_NS_ASSERTIONS = NO;
				ENABLE_STRICT_OBJC_MSGSEND = YES;
				GCC_C_LANGUAGE_STANDARD = gnu99;
				GCC_NO_COMMON_BLOCKS = YES;
				GCC_WARN_64_TO_32_BIT_CONVERSION = YES;
				GCC_WARN_ABOUT_RETURN_TYPE = YES_ERROR;
				GCC_WARN_UNDECLARED_SELECTOR = YES;
				GCC_WARN_UNINITIALIZED_AUTOS = YES_AGGRESSIVE;
				GCC_WARN_UNUSED_FUNCTION = YES;
				GCC_WARN_UNUSED_VARIABLE = YES;
				MACOSX_DEPLOYMENT_TARGET = 10.10;
				MTL_ENABLE_DEBUG_INFO = NO;
				SDKROOT = macosx;
				SWIFT_OPTIMIZATION_LEVEL = "-Owholemodule";
			};
			name = Release;
		};
		00546D6D1A33981000A043A7 /* Debug */ = {
			isa = XCBuildConfiguration;
			baseConfigurationReference = 5023C0255EC68EE2D7469F8C /* Pods-Algorithmia.debug.xcconfig */;
			buildSettings = {
				IPHONEOS_DEPLOYMENT_TARGET = 8.0;
				PRODUCT_NAME = "$(TARGET_NAME)";
				SDKROOT = iphoneos11.3;
			};
			name = Debug;
		};
		00546D6E1A33981000A043A7 /* Release */ = {
			isa = XCBuildConfiguration;
			baseConfigurationReference = 5888D86485B7B859BA9E74F9 /* Pods-Algorithmia.release.xcconfig */;
			buildSettings = {
				IPHONEOS_DEPLOYMENT_TARGET = 8.0;
				PRODUCT_NAME = "$(TARGET_NAME)";
				SDKROOT = iphoneos11.3;
			};
			name = Release;
		};
/* End XCBuildConfiguration section */

/* Begin XCConfigurationList section */
		003DB88B1DCD30A600B51FCC /* Build configuration list for PBXNativeTarget "UnitTests" */ = {
			isa = XCConfigurationList;
			buildConfigurations = (
				003DB8891DCD30A600B51FCC /* Debug */,
				003DB88A1DCD30A600B51FCC /* Release */,
			);
			defaultConfigurationIsVisible = 0;
			defaultConfigurationName = Release;
		};
		00546D601A33981000A043A7 /* Build configuration list for PBXProject "Algorithmia" */ = {
			isa = XCConfigurationList;
			buildConfigurations = (
				00546D6A1A33981000A043A7 /* Debug */,
				00546D6B1A33981000A043A7 /* Release */,
			);
			defaultConfigurationIsVisible = 0;
			defaultConfigurationName = Release;
		};
		00546D6C1A33981000A043A7 /* Build configuration list for PBXNativeTarget "Algorithmia" */ = {
			isa = XCConfigurationList;
			buildConfigurations = (
				00546D6D1A33981000A043A7 /* Debug */,
				00546D6E1A33981000A043A7 /* Release */,
			);
			defaultConfigurationIsVisible = 0;
			defaultConfigurationName = Release;
		};
/* End XCConfigurationList section */
	};
	rootObject = 00546D5D1A33981000A043A7 /* Project object */;
}
